// !$*UTF8*$!
{
	archiveVersion = 1;
	classes = {
	};
	objectVersion = 55;
	objects = {

/* Begin PBXBuildFile section */
		9CE593AC2841FCD90012EA87 /* AppDelegate.swift in Sources */ = {isa = PBXBuildFile; fileRef = 9CE593AB2841FCD90012EA87 /* AppDelegate.swift */; };
		9CE593AE2841FCD90012EA87 /* SceneDelegate.swift in Sources */ = {isa = PBXBuildFile; fileRef = 9CE593AD2841FCD90012EA87 /* SceneDelegate.swift */; };
		9CE593B02841FCD90012EA87 /* ViewController.swift in Sources */ = {isa = PBXBuildFile; fileRef = 9CE593AF2841FCD90012EA87 /* ViewController.swift */; };
		9CE593B32841FCD90012EA87 /* Main.storyboard in Resources */ = {isa = PBXBuildFile; fileRef = 9CE593B12841FCD90012EA87 /* Main.storyboard */; };
		9CE593B52841FCDC0012EA87 /* Assets.xcassets in Resources */ = {isa = PBXBuildFile; fileRef = 9CE593B42841FCDC0012EA87 /* Assets.xcassets */; };
		9CE593B82841FCDC0012EA87 /* LaunchScreen.storyboard in Resources */ = {isa = PBXBuildFile; fileRef = 9CE593B62841FCDC0012EA87 /* LaunchScreen.storyboard */; };
		9CE593C5284200BE0012EA87 /* SplashViewController.swift in Sources */ = {isa = PBXBuildFile; fileRef = 9CE593C4284200BE0012EA87 /* SplashViewController.swift */; };
		9CE5940D28420C2A0012EA87 /* MainLocalization.strings in Resources */ = {isa = PBXBuildFile; fileRef = 9CE5940C28420C2A0012EA87 /* MainLocalization.strings */; };
		9CE5940F28420D240012EA87 /* README.md in Resources */ = {isa = PBXBuildFile; fileRef = 9CE5940E28420D240012EA87 /* README.md */; };
		9CE8AC9F284298AB003ECEC7 /* WKWebView+Extension.swift in Sources */ = {isa = PBXBuildFile; fileRef = 9CE8AC9E284298AB003ECEC7 /* WKWebView+Extension.swift */; };
		9CE8ACA12842AF61003ECEC7 /* URLStandard.swift in Sources */ = {isa = PBXBuildFile; fileRef = 9CE8ACA02842AF61003ECEC7 /* URLStandard.swift */; };
		9CE8ACA42842B860003ECEC7 /* WKCustomConfigurator.swift in Sources */ = {isa = PBXBuildFile; fileRef = 9CE8ACA32842B860003ECEC7 /* WKCustomConfigurator.swift */; };
		9CE8ACA62842B940003ECEC7 /* WKCustomScript.swift in Sources */ = {isa = PBXBuildFile; fileRef = 9CE8ACA52842B940003ECEC7 /* WKCustomScript.swift */; };
		9CFD66A628420FA9009353B5 /* BaseViewController.swift in Sources */ = {isa = PBXBuildFile; fileRef = 9CFD66A028420FA9009353B5 /* BaseViewController.swift */; };
		9CFD66A728420FA9009353B5 /* BaseInteractor.swift in Sources */ = {isa = PBXBuildFile; fileRef = 9CFD66A128420FA9009353B5 /* BaseInteractor.swift */; };
		9CFD66A828420FA9009353B5 /* BasePresenter.swift in Sources */ = {isa = PBXBuildFile; fileRef = 9CFD66A228420FA9009353B5 /* BasePresenter.swift */; };
		9CFD66A928420FA9009353B5 /* BaseNavigationController.swift in Sources */ = {isa = PBXBuildFile; fileRef = 9CFD66A328420FA9009353B5 /* BaseNavigationController.swift */; };
		9CFD66AA28420FA9009353B5 /* BaseView.swift in Sources */ = {isa = PBXBuildFile; fileRef = 9CFD66A428420FA9009353B5 /* BaseView.swift */; };
		9CFD66AC28421434009353B5 /* Colors.xcassets in Resources */ = {isa = PBXBuildFile; fileRef = 9CFD66AB28421434009353B5 /* Colors.xcassets */; };
		9CFD66B428422A96009353B5 /* NewTabStoryboard.storyboard in Resources */ = {isa = PBXBuildFile; fileRef = 9CFD66AE28422A96009353B5 /* NewTabStoryboard.storyboard */; };
		9CFD66B528422A96009353B5 /* NewTabPresenter.swift in Sources */ = {isa = PBXBuildFile; fileRef = 9CFD66AF28422A96009353B5 /* NewTabPresenter.swift */; };
		9CFD66B628422A96009353B5 /* NewTabRouter.swift in Sources */ = {isa = PBXBuildFile; fileRef = 9CFD66B028422A96009353B5 /* NewTabRouter.swift */; };
		9CFD66B728422A96009353B5 /* NewTabModels.swift in Sources */ = {isa = PBXBuildFile; fileRef = 9CFD66B128422A96009353B5 /* NewTabModels.swift */; };
		9CFD66B828422A96009353B5 /* NewTabViewController.swift in Sources */ = {isa = PBXBuildFile; fileRef = 9CFD66B228422A96009353B5 /* NewTabViewController.swift */; };
		9CFD66B928422A96009353B5 /* NewTabInteractor.swift in Sources */ = {isa = PBXBuildFile; fileRef = 9CFD66B328422A96009353B5 /* NewTabInteractor.swift */; };
		9CFD66BD28422D6F009353B5 /* BaseSearchBar.xib in Resources */ = {isa = PBXBuildFile; fileRef = 9CFD66BC28422D6F009353B5 /* BaseSearchBar.xib */; };
		9CFD66BF28422F3E009353B5 /* BaseSearchBar.swift in Sources */ = {isa = PBXBuildFile; fileRef = 9CFD66BE28422F3E009353B5 /* BaseSearchBar.swift */; };
		9CFD66C228423AEE009353B5 /* URLConstants.swift in Sources */ = {isa = PBXBuildFile; fileRef = 9CFD66C128423AED009353B5 /* URLConstants.swift */; };
		9CFD66C628423D7B009353B5 /* String+Extension.swift in Sources */ = {isa = PBXBuildFile; fileRef = 9CFD66C528423D7B009353B5 /* String+Extension.swift */; };
		9CFD66C9284247F8009353B5 /* UIColor+Extension.swift in Sources */ = {isa = PBXBuildFile; fileRef = 9CFD66C8284247F8009353B5 /* UIColor+Extension.swift */; };
/* End PBXBuildFile section */

/* Begin PBXFileReference section */
		9CE593A82841FCD90012EA87 /* CustomWebBrowser.app */ = {isa = PBXFileReference; explicitFileType = wrapper.application; includeInIndex = 0; path = CustomWebBrowser.app; sourceTree = BUILT_PRODUCTS_DIR; };
		9CE593AB2841FCD90012EA87 /* AppDelegate.swift */ = {isa = PBXFileReference; lastKnownFileType = sourcecode.swift; path = AppDelegate.swift; sourceTree = "<group>"; };
		9CE593AD2841FCD90012EA87 /* SceneDelegate.swift */ = {isa = PBXFileReference; lastKnownFileType = sourcecode.swift; path = SceneDelegate.swift; sourceTree = "<group>"; };
		9CE593AF2841FCD90012EA87 /* ViewController.swift */ = {isa = PBXFileReference; lastKnownFileType = sourcecode.swift; path = ViewController.swift; sourceTree = "<group>"; };
		9CE593B22841FCD90012EA87 /* Base */ = {isa = PBXFileReference; lastKnownFileType = file.storyboard; name = Base; path = Base.lproj/Main.storyboard; sourceTree = "<group>"; };
		9CE593B42841FCDC0012EA87 /* Assets.xcassets */ = {isa = PBXFileReference; lastKnownFileType = folder.assetcatalog; path = Assets.xcassets; sourceTree = "<group>"; };
		9CE593B72841FCDC0012EA87 /* Base */ = {isa = PBXFileReference; lastKnownFileType = file.storyboard; name = Base; path = Base.lproj/LaunchScreen.storyboard; sourceTree = "<group>"; };
		9CE593B92841FCDC0012EA87 /* Info.plist */ = {isa = PBXFileReference; lastKnownFileType = text.plist.xml; path = Info.plist; sourceTree = "<group>"; };
		9CE593C4284200BE0012EA87 /* SplashViewController.swift */ = {isa = PBXFileReference; lastKnownFileType = sourcecode.swift; path = SplashViewController.swift; sourceTree = "<group>"; };
		9CE5940C28420C2A0012EA87 /* MainLocalization.strings */ = {isa = PBXFileReference; lastKnownFileType = text.plist.strings; path = MainLocalization.strings; sourceTree = "<group>"; };
		9CE5940E28420D240012EA87 /* README.md */ = {isa = PBXFileReference; fileEncoding = 4; lastKnownFileType = net.daringfireball.markdown; path = README.md; sourceTree = "<group>"; };
		9CE8AC9E284298AB003ECEC7 /* WKWebView+Extension.swift */ = {isa = PBXFileReference; lastKnownFileType = sourcecode.swift; path = "WKWebView+Extension.swift"; sourceTree = "<group>"; };
		9CE8ACA02842AF61003ECEC7 /* URLStandard.swift */ = {isa = PBXFileReference; lastKnownFileType = sourcecode.swift; path = URLStandard.swift; sourceTree = "<group>"; };
		9CE8ACA32842B860003ECEC7 /* WKCustomConfigurator.swift */ = {isa = PBXFileReference; lastKnownFileType = sourcecode.swift; path = WKCustomConfigurator.swift; sourceTree = "<group>"; };
		9CE8ACA52842B940003ECEC7 /* WKCustomScript.swift */ = {isa = PBXFileReference; lastKnownFileType = sourcecode.swift; path = WKCustomScript.swift; sourceTree = "<group>"; };
		9CFD66A028420FA9009353B5 /* BaseViewController.swift */ = {isa = PBXFileReference; fileEncoding = 4; lastKnownFileType = sourcecode.swift; path = BaseViewController.swift; sourceTree = "<group>"; };
		9CFD66A128420FA9009353B5 /* BaseInteractor.swift */ = {isa = PBXFileReference; fileEncoding = 4; lastKnownFileType = sourcecode.swift; path = BaseInteractor.swift; sourceTree = "<group>"; };
		9CFD66A228420FA9009353B5 /* BasePresenter.swift */ = {isa = PBXFileReference; fileEncoding = 4; lastKnownFileType = sourcecode.swift; path = BasePresenter.swift; sourceTree = "<group>"; };
		9CFD66A328420FA9009353B5 /* BaseNavigationController.swift */ = {isa = PBXFileReference; fileEncoding = 4; lastKnownFileType = sourcecode.swift; path = BaseNavigationController.swift; sourceTree = "<group>"; };
		9CFD66A428420FA9009353B5 /* BaseView.swift */ = {isa = PBXFileReference; fileEncoding = 4; lastKnownFileType = sourcecode.swift; path = BaseView.swift; sourceTree = "<group>"; };
		9CFD66AB28421434009353B5 /* Colors.xcassets */ = {isa = PBXFileReference; lastKnownFileType = folder.assetcatalog; path = Colors.xcassets; sourceTree = "<group>"; };
		9CFD66AE28422A96009353B5 /* NewTabStoryboard.storyboard */ = {isa = PBXFileReference; lastKnownFileType = file.storyboard; path = NewTabStoryboard.storyboard; sourceTree = "<group>"; };
		9CFD66AF28422A96009353B5 /* NewTabPresenter.swift */ = {isa = PBXFileReference; lastKnownFileType = sourcecode.swift; path = NewTabPresenter.swift; sourceTree = "<group>"; };
		9CFD66B028422A96009353B5 /* NewTabRouter.swift */ = {isa = PBXFileReference; lastKnownFileType = sourcecode.swift; path = NewTabRouter.swift; sourceTree = "<group>"; };
		9CFD66B128422A96009353B5 /* NewTabModels.swift */ = {isa = PBXFileReference; lastKnownFileType = sourcecode.swift; path = NewTabModels.swift; sourceTree = "<group>"; };
		9CFD66B228422A96009353B5 /* NewTabViewController.swift */ = {isa = PBXFileReference; lastKnownFileType = sourcecode.swift; path = NewTabViewController.swift; sourceTree = "<group>"; };
		9CFD66B328422A96009353B5 /* NewTabInteractor.swift */ = {isa = PBXFileReference; lastKnownFileType = sourcecode.swift; path = NewTabInteractor.swift; sourceTree = "<group>"; };
		9CFD66BC28422D6F009353B5 /* BaseSearchBar.xib */ = {isa = PBXFileReference; lastKnownFileType = file.xib; path = BaseSearchBar.xib; sourceTree = "<group>"; };
		9CFD66BE28422F3E009353B5 /* BaseSearchBar.swift */ = {isa = PBXFileReference; lastKnownFileType = sourcecode.swift; path = BaseSearchBar.swift; sourceTree = "<group>"; };
		9CFD66C128423AED009353B5 /* URLConstants.swift */ = {isa = PBXFileReference; lastKnownFileType = sourcecode.swift; path = URLConstants.swift; sourceTree = "<group>"; };
		9CFD66C528423D7B009353B5 /* String+Extension.swift */ = {isa = PBXFileReference; lastKnownFileType = sourcecode.swift; path = "String+Extension.swift"; sourceTree = "<group>"; };
		9CFD66C8284247F8009353B5 /* UIColor+Extension.swift */ = {isa = PBXFileReference; lastKnownFileType = sourcecode.swift; path = "UIColor+Extension.swift"; sourceTree = "<group>"; };
/* End PBXFileReference section */

/* Begin PBXFrameworksBuildPhase section */
		9CE593A52841FCD90012EA87 /* Frameworks */ = {
			isa = PBXFrameworksBuildPhase;
			buildActionMask = 2147483647;
			files = (
			);
			runOnlyForDeploymentPostprocessing = 0;
		};
/* End PBXFrameworksBuildPhase section */

/* Begin PBXGroup section */
		9CE5939F2841FCD90012EA87 = {
			isa = PBXGroup;
			children = (
				9CE5940E28420D240012EA87 /* README.md */,
				9CE593AA2841FCD90012EA87 /* CustomWebBrowser */,
				9CE593A92841FCD90012EA87 /* Products */,
			);
			sourceTree = "<group>";
		};
		9CE593A92841FCD90012EA87 /* Products */ = {
			isa = PBXGroup;
			children = (
				9CE593A82841FCD90012EA87 /* CustomWebBrowser.app */,
			);
			name = Products;
			sourceTree = "<group>";
		};
		9CE593AA2841FCD90012EA87 /* CustomWebBrowser */ = {
			isa = PBXGroup;
			children = (
				9CE593C8284201000012EA87 /* SupportingFiles */,
				9CE593C7284200ED0012EA87 /* CommonModels */,
				9CE593C6284200DC0012EA87 /* Widgets */,
				9CE593C22841FF420012EA87 /* AppConfig */,
				9CE593C12841FE370012EA87 /* Resources */,
				9CE593C02841FE2D0012EA87 /* Utils */,
				9CE593BF2841FE1E0012EA87 /* Scene */,
				9CE593AF2841FCD90012EA87 /* ViewController.swift */,
				9CE593B12841FCD90012EA87 /* Main.storyboard */,
			);
			path = CustomWebBrowser;
			sourceTree = "<group>";
		};
		9CE593BF2841FE1E0012EA87 /* Scene */ = {
			isa = PBXGroup;
			children = (
				9CFD66AD28422A82009353B5 /* NewTab */,
				9CE593C32842008F0012EA87 /* Splash */,
			);
			path = Scene;
			sourceTree = "<group>";
		};
		9CE593C02841FE2D0012EA87 /* Utils */ = {
			isa = PBXGroup;
			children = (
				9CE8ACA22842B842003ECEC7 /* Settings */,
				9CFD66C328423D5E009353B5 /* Extensions */,
				9CFD66C028423ADD009353B5 /* Constants */,
				9CFD66BA28422D49009353B5 /* CustomUI */,
				9CFD669E28420FA9009353B5 /* BaseClasses */,
				9CE5940B28420C050012EA87 /* Localization */,
			);
			path = Utils;
			sourceTree = "<group>";
		};
		9CE593C12841FE370012EA87 /* Resources */ = {
			isa = PBXGroup;
			children = (
				9CE593B42841FCDC0012EA87 /* Assets.xcassets */,
				9CFD66AB28421434009353B5 /* Colors.xcassets */,
			);
			path = Resources;
			sourceTree = "<group>";
		};
		9CE593C22841FF420012EA87 /* AppConfig */ = {
			isa = PBXGroup;
			children = (
				9CE593AB2841FCD90012EA87 /* AppDelegate.swift */,
				9CE593AD2841FCD90012EA87 /* SceneDelegate.swift */,
			);
			path = AppConfig;
			sourceTree = "<group>";
		};
		9CE593C32842008F0012EA87 /* Splash */ = {
			isa = PBXGroup;
			children = (
				9CE593C4284200BE0012EA87 /* SplashViewController.swift */,
			);
			path = Splash;
			sourceTree = "<group>";
		};
		9CE593C6284200DC0012EA87 /* Widgets */ = {
			isa = PBXGroup;
			children = (
			);
			path = Widgets;
			sourceTree = "<group>";
		};
		9CE593C7284200ED0012EA87 /* CommonModels */ = {
			isa = PBXGroup;
			children = (
			);
			path = CommonModels;
			sourceTree = "<group>";
		};
		9CE593C8284201000012EA87 /* SupportingFiles */ = {
			isa = PBXGroup;
			children = (
				9CE593B92841FCDC0012EA87 /* Info.plist */,
				9CE593B62841FCDC0012EA87 /* LaunchScreen.storyboard */,
			);
			path = SupportingFiles;
			sourceTree = "<group>";
		};
		9CE5940B28420C050012EA87 /* Localization */ = {
			isa = PBXGroup;
			children = (
				9CE5940C28420C2A0012EA87 /* MainLocalization.strings */,
			);
			path = Localization;
			sourceTree = "<group>";
		};
		9CE8ACA22842B842003ECEC7 /* Settings */ = {
			isa = PBXGroup;
			children = (
				9CE8ACA32842B860003ECEC7 /* WKCustomConfigurator.swift */,
				9CE8ACA52842B940003ECEC7 /* WKCustomScript.swift */,
			);
			path = Settings;
			sourceTree = "<group>";
		};
		9CFD669E28420FA9009353B5 /* BaseClasses */ = {
			isa = PBXGroup;
			children = (
				9CFD66A028420FA9009353B5 /* BaseViewController.swift */,
				9CFD66A128420FA9009353B5 /* BaseInteractor.swift */,
				9CFD66A228420FA9009353B5 /* BasePresenter.swift */,
				9CFD66A328420FA9009353B5 /* BaseNavigationController.swift */,
				9CFD66A428420FA9009353B5 /* BaseView.swift */,
			);
			path = BaseClasses;
			sourceTree = "<group>";
		};
		9CFD66AD28422A82009353B5 /* NewTab */ = {
			isa = PBXGroup;
			children = (
				9CFD66AE28422A96009353B5 /* NewTabStoryboard.storyboard */,
				9CFD66AF28422A96009353B5 /* NewTabPresenter.swift */,
				9CFD66B028422A96009353B5 /* NewTabRouter.swift */,
				9CFD66B128422A96009353B5 /* NewTabModels.swift */,
				9CFD66B228422A96009353B5 /* NewTabViewController.swift */,
				9CFD66B328422A96009353B5 /* NewTabInteractor.swift */,
			);
			path = NewTab;
			sourceTree = "<group>";
		};
		9CFD66BA28422D49009353B5 /* CustomUI */ = {
			isa = PBXGroup;
			children = (
				9CFD66BB28422D5C009353B5 /* BaseSearchBar */,
			);
			path = CustomUI;
			sourceTree = "<group>";
		};
		9CFD66BB28422D5C009353B5 /* BaseSearchBar */ = {
			isa = PBXGroup;
			children = (
				9CFD66BC28422D6F009353B5 /* BaseSearchBar.xib */,
				9CFD66BE28422F3E009353B5 /* BaseSearchBar.swift */,
			);
			path = BaseSearchBar;
			sourceTree = "<group>";
		};
		9CFD66C028423ADD009353B5 /* Constants */ = {
			isa = PBXGroup;
			children = (
				9CFD66C128423AED009353B5 /* URLConstants.swift */,
				9CE8ACA02842AF61003ECEC7 /* URLStandard.swift */,
			);
			path = Constants;
			sourceTree = "<group>";
		};
		9CFD66C328423D5E009353B5 /* Extensions */ = {
			isa = PBXGroup;
			children = (
				9CFD66C7284247EB009353B5 /* UIExtensions */,
				9CFD66C428423D68009353B5 /* BuiltInExtensions */,
			);
			path = Extensions;
			sourceTree = "<group>";
		};
		9CFD66C428423D68009353B5 /* BuiltInExtensions */ = {
			isa = PBXGroup;
			children = (
				9CFD66C528423D7B009353B5 /* String+Extension.swift */,
			);
			path = BuiltInExtensions;
			sourceTree = "<group>";
		};
		9CFD66C7284247EB009353B5 /* UIExtensions */ = {
			isa = PBXGroup;
			children = (
				9CFD66C8284247F8009353B5 /* UIColor+Extension.swift */,
				9CE8AC9E284298AB003ECEC7 /* WKWebView+Extension.swift */,
			);
			path = UIExtensions;
			sourceTree = "<group>";
		};
/* End PBXGroup section */

/* Begin PBXNativeTarget section */
		9CE593A72841FCD90012EA87 /* CustomWebBrowser */ = {
			isa = PBXNativeTarget;
			buildConfigurationList = 9CE593BC2841FCDC0012EA87 /* Build configuration list for PBXNativeTarget "CustomWebBrowser" */;
			buildPhases = (
				9CE593A42841FCD90012EA87 /* Sources */,
				9CE593A52841FCD90012EA87 /* Frameworks */,
				9CE593A62841FCD90012EA87 /* Resources */,
			);
			buildRules = (
			);
			dependencies = (
			);
			name = CustomWebBrowser;
			productName = CustomWebBrowser;
			productReference = 9CE593A82841FCD90012EA87 /* CustomWebBrowser.app */;
			productType = "com.apple.product-type.application";
		};
/* End PBXNativeTarget section */

/* Begin PBXProject section */
		9CE593A02841FCD90012EA87 /* Project object */ = {
			isa = PBXProject;
			attributes = {
				BuildIndependentTargetsInParallel = 1;
				LastSwiftUpdateCheck = 1330;
				LastUpgradeCheck = 1330;
				TargetAttributes = {
					9CE593A72841FCD90012EA87 = {
						CreatedOnToolsVersion = 13.3;
					};
				};
			};
			buildConfigurationList = 9CE593A32841FCD90012EA87 /* Build configuration list for PBXProject "CustomWebBrowser" */;
			compatibilityVersion = "Xcode 13.0";
			developmentRegion = en;
			hasScannedForEncodings = 0;
			knownRegions = (
				en,
				Base,
			);
			mainGroup = 9CE5939F2841FCD90012EA87;
			productRefGroup = 9CE593A92841FCD90012EA87 /* Products */;
			projectDirPath = "";
			projectRoot = "";
			targets = (
				9CE593A72841FCD90012EA87 /* CustomWebBrowser */,
			);
		};
/* End PBXProject section */

/* Begin PBXResourcesBuildPhase section */
		9CE593A62841FCD90012EA87 /* Resources */ = {
			isa = PBXResourcesBuildPhase;
			buildActionMask = 2147483647;
			files = (
				9CFD66BD28422D6F009353B5 /* BaseSearchBar.xib in Resources */,
				9CE593B82841FCDC0012EA87 /* LaunchScreen.storyboard in Resources */,
				9CE593B52841FCDC0012EA87 /* Assets.xcassets in Resources */,
				9CE5940F28420D240012EA87 /* README.md in Resources */,
				9CFD66AC28421434009353B5 /* Colors.xcassets in Resources */,
				9CE5940D28420C2A0012EA87 /* MainLocalization.strings in Resources */,
				9CFD66B428422A96009353B5 /* NewTabStoryboard.storyboard in Resources */,
				9CE593B32841FCD90012EA87 /* Main.storyboard in Resources */,
			);
			runOnlyForDeploymentPostprocessing = 0;
		};
/* End PBXResourcesBuildPhase section */

/* Begin PBXSourcesBuildPhase section */
		9CE593A42841FCD90012EA87 /* Sources */ = {
			isa = PBXSourcesBuildPhase;
			buildActionMask = 2147483647;
			files = (
				9CE8ACA12842AF61003ECEC7 /* URLStandard.swift in Sources */,
				9CE8ACA62842B940003ECEC7 /* WKCustomScript.swift in Sources */,
				9CE593B02841FCD90012EA87 /* ViewController.swift in Sources */,
				9CFD66A828420FA9009353B5 /* BasePresenter.swift in Sources */,
				9CFD66B728422A96009353B5 /* NewTabModels.swift in Sources */,
				9CFD66C9284247F8009353B5 /* UIColor+Extension.swift in Sources */,
				9CFD66B628422A96009353B5 /* NewTabRouter.swift in Sources */,
				9CE593AC2841FCD90012EA87 /* AppDelegate.swift in Sources */,
				9CFD66BF28422F3E009353B5 /* BaseSearchBar.swift in Sources */,
				9CFD66B928422A96009353B5 /* NewTabInteractor.swift in Sources */,
				9CFD66B528422A96009353B5 /* NewTabPresenter.swift in Sources */,
				9CFD66C628423D7B009353B5 /* String+Extension.swift in Sources */,
				9CE593AE2841FCD90012EA87 /* SceneDelegate.swift in Sources */,
				9CFD66C228423AEE009353B5 /* URLConstants.swift in Sources */,
				9CE593C5284200BE0012EA87 /* SplashViewController.swift in Sources */,
				9CFD66A928420FA9009353B5 /* BaseNavigationController.swift in Sources */,
				9CFD66AA28420FA9009353B5 /* BaseView.swift in Sources */,
				9CFD66A628420FA9009353B5 /* BaseViewController.swift in Sources */,
				9CE8ACA42842B860003ECEC7 /* WKCustomConfigurator.swift in Sources */,
				9CE8AC9F284298AB003ECEC7 /* WKWebView+Extension.swift in Sources */,
				9CFD66B828422A96009353B5 /* NewTabViewController.swift in Sources */,
				9CFD66A728420FA9009353B5 /* BaseInteractor.swift in Sources */,
			);
			runOnlyForDeploymentPostprocessing = 0;
		};
/* End PBXSourcesBuildPhase section */

/* Begin PBXVariantGroup section */
		9CE593B12841FCD90012EA87 /* Main.storyboard */ = {
			isa = PBXVariantGroup;
			children = (
				9CE593B22841FCD90012EA87 /* Base */,
			);
			name = Main.storyboard;
			sourceTree = "<group>";
		};
		9CE593B62841FCDC0012EA87 /* LaunchScreen.storyboard */ = {
			isa = PBXVariantGroup;
			children = (
				9CE593B72841FCDC0012EA87 /* Base */,
			);
			name = LaunchScreen.storyboard;
			sourceTree = "<group>";
		};
/* End PBXVariantGroup section */

/* Begin XCBuildConfiguration section */
		9CE593BA2841FCDC0012EA87 /* Debug */ = {
			isa = XCBuildConfiguration;
			buildSettings = {
				ALWAYS_SEARCH_USER_PATHS = NO;
				CLANG_ANALYZER_NONNULL = YES;
				CLANG_ANALYZER_NUMBER_OBJECT_CONVERSION = YES_AGGRESSIVE;
				CLANG_CXX_LANGUAGE_STANDARD = "gnu++17";
				CLANG_ENABLE_MODULES = YES;
				CLANG_ENABLE_OBJC_ARC = YES;
				CLANG_ENABLE_OBJC_WEAK = YES;
				CLANG_WARN_BLOCK_CAPTURE_AUTORELEASING = YES;
				CLANG_WARN_BOOL_CONVERSION = YES;
				CLANG_WARN_COMMA = YES;
				CLANG_WARN_CONSTANT_CONVERSION = YES;
				CLANG_WARN_DEPRECATED_OBJC_IMPLEMENTATIONS = YES;
				CLANG_WARN_DIRECT_OBJC_ISA_USAGE = YES_ERROR;
				CLANG_WARN_DOCUMENTATION_COMMENTS = YES;
				CLANG_WARN_EMPTY_BODY = YES;
				CLANG_WARN_ENUM_CONVERSION = YES;
				CLANG_WARN_INFINITE_RECURSION = YES;
				CLANG_WARN_INT_CONVERSION = YES;
				CLANG_WARN_NON_LITERAL_NULL_CONVERSION = YES;
				CLANG_WARN_OBJC_IMPLICIT_RETAIN_SELF = YES;
				CLANG_WARN_OBJC_LITERAL_CONVERSION = YES;
				CLANG_WARN_OBJC_ROOT_CLASS = YES_ERROR;
				CLANG_WARN_QUOTED_INCLUDE_IN_FRAMEWORK_HEADER = YES;
				CLANG_WARN_RANGE_LOOP_ANALYSIS = YES;
				CLANG_WARN_STRICT_PROTOTYPES = YES;
				CLANG_WARN_SUSPICIOUS_MOVE = YES;
				CLANG_WARN_UNGUARDED_AVAILABILITY = YES_AGGRESSIVE;
				CLANG_WARN_UNREACHABLE_CODE = YES;
				CLANG_WARN__DUPLICATE_METHOD_MATCH = YES;
				COPY_PHASE_STRIP = NO;
				DEBUG_INFORMATION_FORMAT = dwarf;
				ENABLE_STRICT_OBJC_MSGSEND = YES;
				ENABLE_TESTABILITY = YES;
				GCC_C_LANGUAGE_STANDARD = gnu11;
				GCC_DYNAMIC_NO_PIC = NO;
				GCC_NO_COMMON_BLOCKS = YES;
				GCC_OPTIMIZATION_LEVEL = 0;
				GCC_PREPROCESSOR_DEFINITIONS = (
					"DEBUG=1",
					"$(inherited)",
				);
				GCC_WARN_64_TO_32_BIT_CONVERSION = YES;
				GCC_WARN_ABOUT_RETURN_TYPE = YES_ERROR;
				GCC_WARN_UNDECLARED_SELECTOR = YES;
				GCC_WARN_UNINITIALIZED_AUTOS = YES_AGGRESSIVE;
				GCC_WARN_UNUSED_FUNCTION = YES;
				GCC_WARN_UNUSED_VARIABLE = YES;
				IPHONEOS_DEPLOYMENT_TARGET = 14.0;
				MTL_ENABLE_DEBUG_INFO = INCLUDE_SOURCE;
				MTL_FAST_MATH = YES;
				ONLY_ACTIVE_ARCH = YES;
				SDKROOT = iphoneos;
				SWIFT_ACTIVE_COMPILATION_CONDITIONS = DEBUG;
				SWIFT_OPTIMIZATION_LEVEL = "-Onone";
			};
			name = Debug;
		};
		9CE593BB2841FCDC0012EA87 /* Release */ = {
			isa = XCBuildConfiguration;
			buildSettings = {
				ALWAYS_SEARCH_USER_PATHS = NO;
				CLANG_ANALYZER_NONNULL = YES;
				CLANG_ANALYZER_NUMBER_OBJECT_CONVERSION = YES_AGGRESSIVE;
				CLANG_CXX_LANGUAGE_STANDARD = "gnu++17";
				CLANG_ENABLE_MODULES = YES;
				CLANG_ENABLE_OBJC_ARC = YES;
				CLANG_ENABLE_OBJC_WEAK = YES;
				CLANG_WARN_BLOCK_CAPTURE_AUTORELEASING = YES;
				CLANG_WARN_BOOL_CONVERSION = YES;
				CLANG_WARN_COMMA = YES;
				CLANG_WARN_CONSTANT_CONVERSION = YES;
				CLANG_WARN_DEPRECATED_OBJC_IMPLEMENTATIONS = YES;
				CLANG_WARN_DIRECT_OBJC_ISA_USAGE = YES_ERROR;
				CLANG_WARN_DOCUMENTATION_COMMENTS = YES;
				CLANG_WARN_EMPTY_BODY = YES;
				CLANG_WARN_ENUM_CONVERSION = YES;
				CLANG_WARN_INFINITE_RECURSION = YES;
				CLANG_WARN_INT_CONVERSION = YES;
				CLANG_WARN_NON_LITERAL_NULL_CONVERSION = YES;
				CLANG_WARN_OBJC_IMPLICIT_RETAIN_SELF = YES;
				CLANG_WARN_OBJC_LITERAL_CONVERSION = YES;
				CLANG_WARN_OBJC_ROOT_CLASS = YES_ERROR;
				CLANG_WARN_QUOTED_INCLUDE_IN_FRAMEWORK_HEADER = YES;
				CLANG_WARN_RANGE_LOOP_ANALYSIS = YES;
				CLANG_WARN_STRICT_PROTOTYPES = YES;
				CLANG_WARN_SUSPICIOUS_MOVE = YES;
				CLANG_WARN_UNGUARDED_AVAILABILITY = YES_AGGRESSIVE;
				CLANG_WARN_UNREACHABLE_CODE = YES;
				CLANG_WARN__DUPLICATE_METHOD_MATCH = YES;
				COPY_PHASE_STRIP = NO;
				DEBUG_INFORMATION_FORMAT = "dwarf-with-dsym";
				ENABLE_NS_ASSERTIONS = NO;
				ENABLE_STRICT_OBJC_MSGSEND = YES;
				GCC_C_LANGUAGE_STANDARD = gnu11;
				GCC_NO_COMMON_BLOCKS = YES;
				GCC_WARN_64_TO_32_BIT_CONVERSION = YES;
				GCC_WARN_ABOUT_RETURN_TYPE = YES_ERROR;
				GCC_WARN_UNDECLARED_SELECTOR = YES;
				GCC_WARN_UNINITIALIZED_AUTOS = YES_AGGRESSIVE;
				GCC_WARN_UNUSED_FUNCTION = YES;
				GCC_WARN_UNUSED_VARIABLE = YES;
				IPHONEOS_DEPLOYMENT_TARGET = 14.0;
				MTL_ENABLE_DEBUG_INFO = NO;
				MTL_FAST_MATH = YES;
				SDKROOT = iphoneos;
				SWIFT_COMPILATION_MODE = wholemodule;
				SWIFT_OPTIMIZATION_LEVEL = "-O";
				VALIDATE_PRODUCT = YES;
			};
			name = Release;
		};
		9CE593BD2841FCDC0012EA87 /* Debug */ = {
			isa = XCBuildConfiguration;
			buildSettings = {
				ASSETCATALOG_COMPILER_APPICON_NAME = AppIcon;
				ASSETCATALOG_COMPILER_GLOBAL_ACCENT_COLOR_NAME = AccentColor;
				CODE_SIGN_STYLE = Automatic;
				CURRENT_PROJECT_VERSION = 1;
				DEVELOPMENT_TEAM = 2A7GLY3DP4;
				GENERATE_INFOPLIST_FILE = YES;
				INFOPLIST_FILE = CustomWebBrowser/SupportingFiles/Info.plist;
				INFOPLIST_KEY_CFBundleDisplayName = "Custom Web Browser";
				INFOPLIST_KEY_UIApplicationSupportsIndirectInputEvents = YES;
				INFOPLIST_KEY_UILaunchStoryboardName = LaunchScreen;
				INFOPLIST_KEY_UIMainStoryboardFile = Main;
				INFOPLIST_KEY_UISupportedInterfaceOrientations = UIInterfaceOrientationPortrait;
				INFOPLIST_KEY_UISupportedInterfaceOrientations_iPad = "UIInterfaceOrientationPortrait UIInterfaceOrientationPortraitUpsideDown UIInterfaceOrientationLandscapeLeft UIInterfaceOrientationLandscapeRight";
				INFOPLIST_KEY_UISupportedInterfaceOrientations_iPhone = "UIInterfaceOrientationPortrait UIInterfaceOrientationLandscapeLeft UIInterfaceOrientationLandscapeRight";
				IPHONEOS_DEPLOYMENT_TARGET = 14.0;
				LD_RUNPATH_SEARCH_PATHS = (
					"$(inherited)",
					"@executable_path/Frameworks",
				);
				MARKETING_VERSION = 1.0;
				PRODUCT_BUNDLE_IDENTIFIER = com.siddhant.CustomWebBrowser;
				PRODUCT_NAME = "$(TARGET_NAME)";
				SWIFT_EMIT_LOC_STRINGS = YES;
				SWIFT_VERSION = 5.0;
				TARGETED_DEVICE_FAMILY = "1,2";
			};
			name = Debug;
		};
		9CE593BE2841FCDC0012EA87 /* Release */ = {
			isa = XCBuildConfiguration;
			buildSettings = {
				ASSETCATALOG_COMPILER_APPICON_NAME = AppIcon;
				ASSETCATALOG_COMPILER_GLOBAL_ACCENT_COLOR_NAME = AccentColor;
				CODE_SIGN_STYLE = Automatic;
				CURRENT_PROJECT_VERSION = 1;
				DEVELOPMENT_TEAM = 2A7GLY3DP4;
				GENERATE_INFOPLIST_FILE = YES;
				INFOPLIST_FILE = CustomWebBrowser/SupportingFiles/Info.plist;
				INFOPLIST_KEY_CFBundleDisplayName = "Custom Web Browser";
				INFOPLIST_KEY_UIApplicationSupportsIndirectInputEvents = YES;
				INFOPLIST_KEY_UILaunchStoryboardName = LaunchScreen;
				INFOPLIST_KEY_UIMainStoryboardFile = Main;
				INFOPLIST_KEY_UISupportedInterfaceOrientations = UIInterfaceOrientationPortrait;
				INFOPLIST_KEY_UISupportedInterfaceOrientations_iPad = "UIInterfaceOrientationPortrait UIInterfaceOrientationPortraitUpsideDown UIInterfaceOrientationLandscapeLeft UIInterfaceOrientationLandscapeRight";
				INFOPLIST_KEY_UISupportedInterfaceOrientations_iPhone = "UIInterfaceOrientationPortrait UIInterfaceOrientationLandscapeLeft UIInterfaceOrientationLandscapeRight";
				IPHONEOS_DEPLOYMENT_TARGET = 14.0;
				LD_RUNPATH_SEARCH_PATHS = (
					"$(inherited)",
					"@executable_path/Frameworks",
				);
				MARKETING_VERSION = 1.0;
				PRODUCT_BUNDLE_IDENTIFIER = com.siddhant.CustomWebBrowser;
				PRODUCT_NAME = "$(TARGET_NAME)";
				SWIFT_EMIT_LOC_STRINGS = YES;
				SWIFT_VERSION = 5.0;
				TARGETED_DEVICE_FAMILY = "1,2";
			};
			name = Release;
		};
/* End XCBuildConfiguration section */

/* Begin XCConfigurationList section */
		9CE593A32841FCD90012EA87 /* Build configuration list for PBXProject "CustomWebBrowser" */ = {
			isa = XCConfigurationList;
			buildConfigurations = (
				9CE593BA2841FCDC0012EA87 /* Debug */,
				9CE593BB2841FCDC0012EA87 /* Release */,
			);
			defaultConfigurationIsVisible = 0;
			defaultConfigurationName = Release;
		};
		9CE593BC2841FCDC0012EA87 /* Build configuration list for PBXNativeTarget "CustomWebBrowser" */ = {
			isa = XCConfigurationList;
			buildConfigurations = (
				9CE593BD2841FCDC0012EA87 /* Debug */,
				9CE593BE2841FCDC0012EA87 /* Release */,
			);
			defaultConfigurationIsVisible = 0;
			defaultConfigurationName = Release;
		};
/* End XCConfigurationList section */
	};
	rootObject = 9CE593A02841FCD90012EA87 /* Project object */;
}
